
Microsoft Visual Studio Solution File, Format Version 12.00
# Visual Studio Version 16
VisualStudioVersion = 16.0.32901.82
MinimumVisualStudioVersion = 10.0.40219.1
Project("{FAE04EC0-301F-11D3-BF4B-00C04F79EFBC}") = "Coffee_Culture", "Coffee_Culture.csproj", "{4A7FCBA4-9466-4204-944F-0C7E06AC11EF}"
EndProject
Global
	GlobalSection(SolutionConfigurationPlatforms) = preSolution
		Debug|Any CPU = Debug|Any CPU
		Release|Any CPU = Release|Any CPU
	EndGlobalSection
	GlobalSection(ProjectConfigurationPlatforms) = postSolution
		{4A7FCBA4-9466-4204-944F-0C7E06AC11EF}.Debug|Any CPU.ActiveCfg = Debug|Any CPU
		{4A7FCBA4-9466-4204-944F-0C7E06AC11EF}.Debug|Any CPU.Build.0 = Debug|Any CPU
		{4A7FCBA4-9466-4204-944F-0C7E06AC11EF}.Release|Any CPU.ActiveCfg = Release|Any CPU
		{4A7FCBA4-9466-4204-944F-0C7E06AC11EF}.Release|Any CPU.Build.0 = Release|Any CPU
	EndGlobalSection
	GlobalSection(SolutionProperties) = preSolution
		HideSolutionNode = FALSE
	EndGlobalSection
	GlobalSection(ExtensibilityGlobals) = postSolution
		SolutionGuid = {689AD631-A228-45C4-B3F9-1912837FA394}
	EndGlobalSection
EndGlobal
